
Microsoft Visual Studio Solution File, Format Version 12.00
# Visual Studio 15
VisualStudioVersion = 15.0.28307.852
MinimumVisualStudioVersion = 10.0.40219.1
Project("{FAE04EC0-301F-11D3-BF4B-00C04F79EFBC}") = "Atbash", "Atbash\Atbash.csproj", "{0FEFC613-2118-409F-981A-6B0B6CAF49F3}"
EndProject
Global
	GlobalSection(SolutionConfigurationPlatforms) = preSolution
		Debug|Any CPU = Debug|Any CPU
		Release|Any CPU = Release|Any CPU
	EndGlobalSection
	GlobalSection(ProjectConfigurationPlatforms) = postSolution
		{0FEFC613-2118-409F-981A-6B0B6CAF49F3}.Debug|Any CPU.ActiveCfg = Debug|Any CPU
		{0FEFC613-2118-409F-981A-6B0B6CAF49F3}.Debug|Any CPU.Build.0 = Debug|Any CPU
		{0FEFC613-2118-409F-981A-6B0B6CAF49F3}.Release|Any CPU.ActiveCfg = Release|Any CPU
		{0FEFC613-2118-409F-981A-6B0B6CAF49F3}.Release|Any CPU.Build.0 = Release|Any CPU
	EndGlobalSection
	GlobalSection(SolutionProperties) = preSolution
		HideSolutionNode = FALSE
	EndGlobalSection
	GlobalSection(ExtensibilityGlobals) = postSolution
		SolutionGuid = {49F1EDA6-4CFA-4B4E-8F12-69AC197CF500}
	EndGlobalSection
EndGlobal
